
Microsoft Visual Studio Solution File, Format Version 12.00
# Visual Studio 2013
VisualStudioVersion = 12.0.21005.1
MinimumVisualStudioVersion = 10.0.40219.1
Project("{FAE04EC0-301F-11D3-BF4B-00C04F79EFBC}") = "Arithmetic", "Arithmetic\Arithmetic.csproj", "{C344B561-3C34-4A79-B4FE-8697E6355250}"
EndProject
Project("{FAE04EC0-301F-11D3-BF4B-00C04F79EFBC}") = "ArithmeticTests", "ArithmeticTests\ArithmeticTests.csproj", "{5E41AEE4-7AE1-4E13-8074-22D6814538F0}"
EndProject
Global
	GlobalSection(SolutionConfigurationPlatforms) = preSolution
		Debug|Any CPU = Debug|Any CPU
		Release|Any CPU = Release|Any CPU
	EndGlobalSection
	GlobalSection(ProjectConfigurationPlatforms) = postSolution
		{C344B561-3C34-4A79-B4FE-8697E6355250}.Debug|Any CPU.ActiveCfg = Debug|Any CPU
		{C344B561-3C34-4A79-B4FE-8697E6355250}.Debug|Any CPU.Build.0 = Debug|Any CPU
		{C344B561-3C34-4A79-B4FE-8697E6355250}.Release|Any CPU.ActiveCfg = Release|Any CPU
		{C344B561-3C34-4A79-B4FE-8697E6355250}.Release|Any CPU.Build.0 = Release|Any CPU
		{5E41AEE4-7AE1-4E13-8074-22D6814538F0}.Debug|Any CPU.ActiveCfg = Debug|Any CPU
		{5E41AEE4-7AE1-4E13-8074-22D6814538F0}.Debug|Any CPU.Build.0 = Debug|Any CPU
		{5E41AEE4-7AE1-4E13-8074-22D6814538F0}.Release|Any CPU.ActiveCfg = Release|Any CPU
		{5E41AEE4-7AE1-4E13-8074-22D6814538F0}.Release|Any CPU.Build.0 = Release|Any CPU
	EndGlobalSection
	GlobalSection(SolutionProperties) = preSolution
		HideSolutionNode = FALSE
	EndGlobalSection
EndGlobal
